{
  "name": "ElectronERP1",
  "lockfileVersion": 2,
  "requires": true,
  "packages": {
    "": {
      "dependencies": {
        "preact": "^10.5.14"
      }
    },
    "node_modules/preact": {
      "version": "10.5.14",
      "resolved": "https://registry.nlark.com/preact/download/preact-10.5.14.tgz",
      "integrity": "sha1-CxSi7vujwQpXEWuQ0aZfXwDNJwE="
    }
  },
  "dependencies": {
    "preact": {
      "version": "10.5.14",
      "resolved": "https://registry.nlark.com/preact/download/preact-10.5.14.tgz",
      "integrity": "sha1-CxSi7vujwQpXEWuQ0aZfXwDNJwE="
    }
  }
}
